// !$*UTF8*$!
{
	archiveVersion = 1;
	classes = {
	};
	objectVersion = 56;
	objects = {

/* Begin PBXBuildFile section */
		A732329D2DBFC52400F69D66 /* SectionItemTableViewCell.swift in Sources */ = {isa = PBXBuildFile; fileRef = A732329B2DBFC52400F69D66 /* SectionItemTableViewCell.swift */; };
		A732329E2DBFC52400F69D66 /* SectionItemTableViewCell.xib in Resources */ = {isa = PBXBuildFile; fileRef = A732329C2DBFC52400F69D66 /* SectionItemTableViewCell.xib */; };
		A73232A02DBFC5F100F69D66 /* SectionHeaderView.swift in Sources */ = {isa = PBXBuildFile; fileRef = A732329F2DBFC5F100F69D66 /* SectionHeaderView.swift */; };
		A73232A22DBFC66100F69D66 /* SectionHeaderView.xib in Resources */ = {isa = PBXBuildFile; fileRef = A73232A12DBFC66100F69D66 /* SectionHeaderView.xib */; };
		A75894252DBF5C9900F60A01 /* Auth0.plist in Resources */ = {isa = PBXBuildFile; fileRef = A75894242DBF5C9900F60A01 /* Auth0.plist */; };
		A75894282DBF618A00F60A01 /* User.swift in Sources */ = {isa = PBXBuildFile; fileRef = A75894272DBF618A00F60A01 /* User.swift */; };
		A758942B2DBF623B00F60A01 /* Credentials.swift in Sources */ = {isa = PBXBuildFile; fileRef = A758942A2DBF623B00F60A01 /* Credentials.swift */; };
		A758942D2DBF626D00F60A01 /* AuthenticationService.swift in Sources */ = {isa = PBXBuildFile; fileRef = A758942C2DBF626D00F60A01 /* AuthenticationService.swift */; };
		A758942F2DBF629100F60A01 /* Auth0Service.swift in Sources */ = {isa = PBXBuildFile; fileRef = A758942E2DBF629100F60A01 /* Auth0Service.swift */; };
		A75894312DBF633600F60A01 /* LoginViewModel.swift in Sources */ = {isa = PBXBuildFile; fileRef = A75894302DBF633600F60A01 /* LoginViewModel.swift */; };
		A75894342DBF652B00F60A01 /* LoginViewController.swift in Sources */ = {isa = PBXBuildFile; fileRef = A75894322DBF652B00F60A01 /* LoginViewController.swift */; };
		A75894352DBF652B00F60A01 /* LoginViewController.xib in Resources */ = {isa = PBXBuildFile; fileRef = A75894332DBF652B00F60A01 /* LoginViewController.xib */; };
		A758943A2DBF7E4200F60A01 /* UIColor+Ext.swift in Sources */ = {isa = PBXBuildFile; fileRef = A75894392DBF7E4200F60A01 /* UIColor+Ext.swift */; };
		A758943C2DBF814600F60A01 /* UIFont+Ext.swift in Sources */ = {isa = PBXBuildFile; fileRef = A758943B2DBF814600F60A01 /* UIFont+Ext.swift */; };
		A75894502DBF815A00F60A01 /* Montserrat-LightItalic.ttf in Resources */ = {isa = PBXBuildFile; fileRef = A758943E2DBF815900F60A01 /* Montserrat-LightItalic.ttf */; };
		A75894512DBF815A00F60A01 /* Montserrat-Medium.ttf in Resources */ = {isa = PBXBuildFile; fileRef = A758943F2DBF815900F60A01 /* Montserrat-Medium.ttf */; };
		A75894522DBF815A00F60A01 /* Montserrat-BoldItalic.ttf in Resources */ = {isa = PBXBuildFile; fileRef = A75894402DBF815900F60A01 /* Montserrat-BoldItalic.ttf */; };
		A75894532DBF815A00F60A01 /* Montserrat-Light.ttf in Resources */ = {isa = PBXBuildFile; fileRef = A75894412DBF815900F60A01 /* Montserrat-Light.ttf */; };
		A75894542DBF815A00F60A01 /* Montserrat-ThinItalic.ttf in Resources */ = {isa = PBXBuildFile; fileRef = A75894422DBF815900F60A01 /* Montserrat-ThinItalic.ttf */; };
		A75894552DBF815A00F60A01 /* Montserrat-ExtraLight.ttf in Resources */ = {isa = PBXBuildFile; fileRef = A75894432DBF815900F60A01 /* Montserrat-ExtraLight.ttf */; };
		A75894562DBF815A00F60A01 /* Montserrat-Thin.ttf in Resources */ = {isa = PBXBuildFile; fileRef = A75894442DBF815900F60A01 /* Montserrat-Thin.ttf */; };
		A75894572DBF815A00F60A01 /* Montserrat-Bold.ttf in Resources */ = {isa = PBXBuildFile; fileRef = A75894452DBF815900F60A01 /* Montserrat-Bold.ttf */; };
		A75894582DBF815A00F60A01 /* Montserrat-MediumItalic.ttf in Resources */ = {isa = PBXBuildFile; fileRef = A75894462DBF815900F60A01 /* Montserrat-MediumItalic.ttf */; };
		A75894592DBF815A00F60A01 /* Montserrat-BlackItalic.ttf in Resources */ = {isa = PBXBuildFile; fileRef = A75894472DBF815900F60A01 /* Montserrat-BlackItalic.ttf */; };
		A758945A2DBF815A00F60A01 /* Montserrat-SemiBold.ttf in Resources */ = {isa = PBXBuildFile; fileRef = A75894482DBF815900F60A01 /* Montserrat-SemiBold.ttf */; };
		A758945B2DBF815A00F60A01 /* Montserrat-ExtraLightItalic.ttf in Resources */ = {isa = PBXBuildFile; fileRef = A75894492DBF815900F60A01 /* Montserrat-ExtraLightItalic.ttf */; };
		A758945C2DBF815A00F60A01 /* Montserrat-ExtraBold.ttf in Resources */ = {isa = PBXBuildFile; fileRef = A758944A2DBF815900F60A01 /* Montserrat-ExtraBold.ttf */; };
		A758945D2DBF815A00F60A01 /* Montserrat-Black.ttf in Resources */ = {isa = PBXBuildFile; fileRef = A758944B2DBF815900F60A01 /* Montserrat-Black.ttf */; };
		A758945E2DBF815A00F60A01 /* Montserrat-Regular.ttf in Resources */ = {isa = PBXBuildFile; fileRef = A758944C2DBF815900F60A01 /* Montserrat-Regular.ttf */; };
		A758945F2DBF815A00F60A01 /* Montserrat-Italic.ttf in Resources */ = {isa = PBXBuildFile; fileRef = A758944D2DBF815900F60A01 /* Montserrat-Italic.ttf */; };
		A75894602DBF815A00F60A01 /* Montserrat-SemiBoldItalic.ttf in Resources */ = {isa = PBXBuildFile; fileRef = A758944E2DBF815900F60A01 /* Montserrat-SemiBoldItalic.ttf */; };
		A75894612DBF815A00F60A01 /* Montserrat-ExtraBoldItalic.ttf in Resources */ = {isa = PBXBuildFile; fileRef = A758944F2DBF815900F60A01 /* Montserrat-ExtraBoldItalic.ttf */; };
		A75894672DBF88B400F60A01 /* HomeViewController.swift in Sources */ = {isa = PBXBuildFile; fileRef = A75894652DBF88B400F60A01 /* HomeViewController.swift */; };
		A75894682DBF88B400F60A01 /* HomeViewController.xib in Resources */ = {isa = PBXBuildFile; fileRef = A75894662DBF88B400F60A01 /* HomeViewController.xib */; };
		A758946F2DBF88EA00F60A01 /* ItemCollectionViewCell.swift in Sources */ = {isa = PBXBuildFile; fileRef = A758946D2DBF88EA00F60A01 /* ItemCollectionViewCell.swift */; };
		A75894702DBF88EA00F60A01 /* ItemCollectionViewCell.xib in Resources */ = {isa = PBXBuildFile; fileRef = A758946E2DBF88EA00F60A01 /* ItemCollectionViewCell.xib */; };
		A75894722DBF8A4300F60A01 /* NewsModel.swift in Sources */ = {isa = PBXBuildFile; fileRef = A75894712DBF8A4300F60A01 /* NewsModel.swift */; };
		A75894742DBF8B9C00F60A01 /* UIImageView+Ext.swift in Sources */ = {isa = PBXBuildFile; fileRef = A75894732DBF8B9C00F60A01 /* UIImageView+Ext.swift */; };
		A75894762DBF8CBF00F60A01 /* HomeViewModel.swift in Sources */ = {isa = PBXBuildFile; fileRef = A75894752DBF8CBF00F60A01 /* HomeViewModel.swift */; };
		A75894792DBF8E9E00F60A01 /* Constants.swift in Sources */ = {isa = PBXBuildFile; fileRef = A75894772DBF8E9E00F60A01 /* Constants.swift */; };
		A758947A2DBF8E9E00F60A01 /* NetworkManager.swift in Sources */ = {isa = PBXBuildFile; fileRef = A75894782DBF8E9E00F60A01 /* NetworkManager.swift */; };
		A758947E2DBF8EED00F60A01 /* HomeServiceProtocol.swift in Sources */ = {isa = PBXBuildFile; fileRef = A758947D2DBF8EED00F60A01 /* HomeServiceProtocol.swift */; };
		A7ECCA0E2DBF5386001A29D5 /* AppDelegate.swift in Sources */ = {isa = PBXBuildFile; fileRef = A7ECCA0D2DBF5386001A29D5 /* AppDelegate.swift */; };
		A7ECCA102DBF5386001A29D5 /* SceneDelegate.swift in Sources */ = {isa = PBXBuildFile; fileRef = A7ECCA0F2DBF5386001A29D5 /* SceneDelegate.swift */; };
		A7ECCA122DBF5386001A29D5 /* ViewController.swift in Sources */ = {isa = PBXBuildFile; fileRef = A7ECCA112DBF5386001A29D5 /* ViewController.swift */; };
		A7ECCA152DBF5386001A29D5 /* Main.storyboard in Resources */ = {isa = PBXBuildFile; fileRef = A7ECCA132DBF5386001A29D5 /* Main.storyboard */; };
		A7ECCA182DBF5386001A29D5 /* NewsApps.xcdatamodeld in Sources */ = {isa = PBXBuildFile; fileRef = A7ECCA162DBF5386001A29D5 /* NewsApps.xcdatamodeld */; };
		A7ECCA1A2DBF5388001A29D5 /* Assets.xcassets in Resources */ = {isa = PBXBuildFile; fileRef = A7ECCA192DBF5388001A29D5 /* Assets.xcassets */; };
		A7ECCA1D2DBF5388001A29D5 /* LaunchScreen.storyboard in Resources */ = {isa = PBXBuildFile; fileRef = A7ECCA1B2DBF5388001A29D5 /* LaunchScreen.storyboard */; };
		F3414D81A91ACF1D56419CA6 /* libPods-NewsApps.a in Frameworks */ = {isa = PBXBuildFile; fileRef = 2FF88778F13C36FC856A8EB8 /* libPods-NewsApps.a */; };
/* End PBXBuildFile section */

/* Begin PBXFileReference section */
		2FF88778F13C36FC856A8EB8 /* libPods-NewsApps.a */ = {isa = PBXFileReference; explicitFileType = archive.ar; includeInIndex = 0; path = "libPods-NewsApps.a"; sourceTree = BUILT_PRODUCTS_DIR; };
		8F98BF3A37D8A73179D80F0C /* Pods-NewsApps.debug.xcconfig */ = {isa = PBXFileReference; includeInIndex = 1; lastKnownFileType = text.xcconfig; name = "Pods-NewsApps.debug.xcconfig"; path = "Target Support Files/Pods-NewsApps/Pods-NewsApps.debug.xcconfig"; sourceTree = "<group>"; };
		A732329B2DBFC52400F69D66 /* SectionItemTableViewCell.swift */ = {isa = PBXFileReference; lastKnownFileType = sourcecode.swift; path = SectionItemTableViewCell.swift; sourceTree = "<group>"; };
		A732329C2DBFC52400F69D66 /* SectionItemTableViewCell.xib */ = {isa = PBXFileReference; lastKnownFileType = file.xib; path = SectionItemTableViewCell.xib; sourceTree = "<group>"; };
		A732329F2DBFC5F100F69D66 /* SectionHeaderView.swift */ = {isa = PBXFileReference; lastKnownFileType = sourcecode.swift; path = SectionHeaderView.swift; sourceTree = "<group>"; };
		A73232A12DBFC66100F69D66 /* SectionHeaderView.xib */ = {isa = PBXFileReference; lastKnownFileType = file.xib; path = SectionHeaderView.xib; sourceTree = "<group>"; };
		A75894242DBF5C9900F60A01 /* Auth0.plist */ = {isa = PBXFileReference; lastKnownFileType = text.plist.xml; path = Auth0.plist; sourceTree = "<group>"; };
		A75894272DBF618A00F60A01 /* User.swift */ = {isa = PBXFileReference; lastKnownFileType = sourcecode.swift; path = User.swift; sourceTree = "<group>"; };
		A758942A2DBF623B00F60A01 /* Credentials.swift */ = {isa = PBXFileReference; lastKnownFileType = sourcecode.swift; path = Credentials.swift; sourceTree = "<group>"; };
		A758942C2DBF626D00F60A01 /* AuthenticationService.swift */ = {isa = PBXFileReference; lastKnownFileType = sourcecode.swift; path = AuthenticationService.swift; sourceTree = "<group>"; };
		A758942E2DBF629100F60A01 /* Auth0Service.swift */ = {isa = PBXFileReference; lastKnownFileType = sourcecode.swift; path = Auth0Service.swift; sourceTree = "<group>"; };
		A75894302DBF633600F60A01 /* LoginViewModel.swift */ = {isa = PBXFileReference; lastKnownFileType = sourcecode.swift; path = LoginViewModel.swift; sourceTree = "<group>"; };
		A75894322DBF652B00F60A01 /* LoginViewController.swift */ = {isa = PBXFileReference; lastKnownFileType = sourcecode.swift; path = LoginViewController.swift; sourceTree = "<group>"; };
		A75894332DBF652B00F60A01 /* LoginViewController.xib */ = {isa = PBXFileReference; lastKnownFileType = file.xib; path = LoginViewController.xib; sourceTree = "<group>"; };
		A75894392DBF7E4200F60A01 /* UIColor+Ext.swift */ = {isa = PBXFileReference; lastKnownFileType = sourcecode.swift; path = "UIColor+Ext.swift"; sourceTree = "<group>"; };
		A758943B2DBF814600F60A01 /* UIFont+Ext.swift */ = {isa = PBXFileReference; fileEncoding = 4; lastKnownFileType = sourcecode.swift; path = "UIFont+Ext.swift"; sourceTree = "<group>"; };
		A758943E2DBF815900F60A01 /* Montserrat-LightItalic.ttf */ = {isa = PBXFileReference; lastKnownFileType = file; path = "Montserrat-LightItalic.ttf"; sourceTree = "<group>"; };
		A758943F2DBF815900F60A01 /* Montserrat-Medium.ttf */ = {isa = PBXFileReference; lastKnownFileType = file; path = "Montserrat-Medium.ttf"; sourceTree = "<group>"; };
		A75894402DBF815900F60A01 /* Montserrat-BoldItalic.ttf */ = {isa = PBXFileReference; lastKnownFileType = file; path = "Montserrat-BoldItalic.ttf"; sourceTree = "<group>"; };
		A75894412DBF815900F60A01 /* Montserrat-Light.ttf */ = {isa = PBXFileReference; lastKnownFileType = file; path = "Montserrat-Light.ttf"; sourceTree = "<group>"; };
		A75894422DBF815900F60A01 /* Montserrat-ThinItalic.ttf */ = {isa = PBXFileReference; lastKnownFileType = file; path = "Montserrat-ThinItalic.ttf"; sourceTree = "<group>"; };
		A75894432DBF815900F60A01 /* Montserrat-ExtraLight.ttf */ = {isa = PBXFileReference; lastKnownFileType = file; path = "Montserrat-ExtraLight.ttf"; sourceTree = "<group>"; };
		A75894442DBF815900F60A01 /* Montserrat-Thin.ttf */ = {isa = PBXFileReference; lastKnownFileType = file; path = "Montserrat-Thin.ttf"; sourceTree = "<group>"; };
		A75894452DBF815900F60A01 /* Montserrat-Bold.ttf */ = {isa = PBXFileReference; lastKnownFileType = file; path = "Montserrat-Bold.ttf"; sourceTree = "<group>"; };
		A75894462DBF815900F60A01 /* Montserrat-MediumItalic.ttf */ = {isa = PBXFileReference; lastKnownFileType = file; path = "Montserrat-MediumItalic.ttf"; sourceTree = "<group>"; };
		A75894472DBF815900F60A01 /* Montserrat-BlackItalic.ttf */ = {isa = PBXFileReference; lastKnownFileType = file; path = "Montserrat-BlackItalic.ttf"; sourceTree = "<group>"; };
		A75894482DBF815900F60A01 /* Montserrat-SemiBold.ttf */ = {isa = PBXFileReference; lastKnownFileType = file; path = "Montserrat-SemiBold.ttf"; sourceTree = "<group>"; };
		A75894492DBF815900F60A01 /* Montserrat-ExtraLightItalic.ttf */ = {isa = PBXFileReference; lastKnownFileType = file; path = "Montserrat-ExtraLightItalic.ttf"; sourceTree = "<group>"; };
		A758944A2DBF815900F60A01 /* Montserrat-ExtraBold.ttf */ = {isa = PBXFileReference; lastKnownFileType = file; path = "Montserrat-ExtraBold.ttf"; sourceTree = "<group>"; };
		A758944B2DBF815900F60A01 /* Montserrat-Black.ttf */ = {isa = PBXFileReference; lastKnownFileType = file; path = "Montserrat-Black.ttf"; sourceTree = "<group>"; };
		A758944C2DBF815900F60A01 /* Montserrat-Regular.ttf */ = {isa = PBXFileReference; lastKnownFileType = file; path = "Montserrat-Regular.ttf"; sourceTree = "<group>"; };
		A758944D2DBF815900F60A01 /* Montserrat-Italic.ttf */ = {isa = PBXFileReference; lastKnownFileType = file; path = "Montserrat-Italic.ttf"; sourceTree = "<group>"; };
		A758944E2DBF815900F60A01 /* Montserrat-SemiBoldItalic.ttf */ = {isa = PBXFileReference; lastKnownFileType = file; path = "Montserrat-SemiBoldItalic.ttf"; sourceTree = "<group>"; };
		A758944F2DBF815900F60A01 /* Montserrat-ExtraBoldItalic.ttf */ = {isa = PBXFileReference; lastKnownFileType = file; path = "Montserrat-ExtraBoldItalic.ttf"; sourceTree = "<group>"; };
		A75894652DBF88B400F60A01 /* HomeViewController.swift */ = {isa = PBXFileReference; lastKnownFileType = sourcecode.swift; path = HomeViewController.swift; sourceTree = "<group>"; };
		A75894662DBF88B400F60A01 /* HomeViewController.xib */ = {isa = PBXFileReference; lastKnownFileType = file.xib; path = HomeViewController.xib; sourceTree = "<group>"; };
		A758946D2DBF88EA00F60A01 /* ItemCollectionViewCell.swift */ = {isa = PBXFileReference; lastKnownFileType = sourcecode.swift; path = ItemCollectionViewCell.swift; sourceTree = "<group>"; };
		A758946E2DBF88EA00F60A01 /* ItemCollectionViewCell.xib */ = {isa = PBXFileReference; lastKnownFileType = file.xib; path = ItemCollectionViewCell.xib; sourceTree = "<group>"; };
		A75894712DBF8A4300F60A01 /* NewsModel.swift */ = {isa = PBXFileReference; lastKnownFileType = sourcecode.swift; path = NewsModel.swift; sourceTree = "<group>"; };
		A75894732DBF8B9C00F60A01 /* UIImageView+Ext.swift */ = {isa = PBXFileReference; lastKnownFileType = sourcecode.swift; path = "UIImageView+Ext.swift"; sourceTree = "<group>"; };
		A75894752DBF8CBF00F60A01 /* HomeViewModel.swift */ = {isa = PBXFileReference; lastKnownFileType = sourcecode.swift; path = HomeViewModel.swift; sourceTree = "<group>"; };
		A75894772DBF8E9E00F60A01 /* Constants.swift */ = {isa = PBXFileReference; fileEncoding = 4; lastKnownFileType = sourcecode.swift; path = Constants.swift; sourceTree = "<group>"; };
		A75894782DBF8E9E00F60A01 /* NetworkManager.swift */ = {isa = PBXFileReference; fileEncoding = 4; lastKnownFileType = sourcecode.swift; path = NetworkManager.swift; sourceTree = "<group>"; };
		A758947D2DBF8EED00F60A01 /* HomeServiceProtocol.swift */ = {isa = PBXFileReference; lastKnownFileType = sourcecode.swift; path = HomeServiceProtocol.swift; sourceTree = "<group>"; };
		A7ECCA0A2DBF5386001A29D5 /* NewsApps.app */ = {isa = PBXFileReference; explicitFileType = wrapper.application; includeInIndex = 0; path = NewsApps.app; sourceTree = BUILT_PRODUCTS_DIR; };
		A7ECCA0D2DBF5386001A29D5 /* AppDelegate.swift */ = {isa = PBXFileReference; lastKnownFileType = sourcecode.swift; path = AppDelegate.swift; sourceTree = "<group>"; };
		A7ECCA0F2DBF5386001A29D5 /* SceneDelegate.swift */ = {isa = PBXFileReference; lastKnownFileType = sourcecode.swift; path = SceneDelegate.swift; sourceTree = "<group>"; };
		A7ECCA112DBF5386001A29D5 /* ViewController.swift */ = {isa = PBXFileReference; lastKnownFileType = sourcecode.swift; path = ViewController.swift; sourceTree = "<group>"; };
		A7ECCA142DBF5386001A29D5 /* Base */ = {isa = PBXFileReference; lastKnownFileType = file.storyboard; name = Base; path = Base.lproj/Main.storyboard; sourceTree = "<group>"; };
		A7ECCA172DBF5386001A29D5 /* NewsApps.xcdatamodel */ = {isa = PBXFileReference; lastKnownFileType = wrapper.xcdatamodel; path = NewsApps.xcdatamodel; sourceTree = "<group>"; };
		A7ECCA192DBF5388001A29D5 /* Assets.xcassets */ = {isa = PBXFileReference; lastKnownFileType = folder.assetcatalog; path = Assets.xcassets; sourceTree = "<group>"; };
		A7ECCA1C2DBF5388001A29D5 /* Base */ = {isa = PBXFileReference; lastKnownFileType = file.storyboard; name = Base; path = Base.lproj/LaunchScreen.storyboard; sourceTree = "<group>"; };
		A7ECCA1E2DBF5388001A29D5 /* Info.plist */ = {isa = PBXFileReference; lastKnownFileType = text.plist.xml; path = Info.plist; sourceTree = "<group>"; };
		DA1937EFC6401FEDCD4E1701 /* Pods-NewsApps.release.xcconfig */ = {isa = PBXFileReference; includeInIndex = 1; lastKnownFileType = text.xcconfig; name = "Pods-NewsApps.release.xcconfig"; path = "Target Support Files/Pods-NewsApps/Pods-NewsApps.release.xcconfig"; sourceTree = "<group>"; };
/* End PBXFileReference section */

/* Begin PBXFrameworksBuildPhase section */
		A7ECCA072DBF5386001A29D5 /* Frameworks */ = {
			isa = PBXFrameworksBuildPhase;
			buildActionMask = 2147483647;
			files = (
				F3414D81A91ACF1D56419CA6 /* libPods-NewsApps.a in Frameworks */,
			);
			runOnlyForDeploymentPostprocessing = 0;
		};
/* End PBXFrameworksBuildPhase section */

/* Begin PBXGroup section */
		4B6B072D2FEC265F74FAE4F7 /* Frameworks */ = {
			isa = PBXGroup;
			children = (
				2FF88778F13C36FC856A8EB8 /* libPods-NewsApps.a */,
			);
			name = Frameworks;
			sourceTree = "<group>";
		};
		A758941A2DBF594500F60A01 /* Application */ = {
			isa = PBXGroup;
			children = (
				A7ECCA0D2DBF5386001A29D5 /* AppDelegate.swift */,
				A7ECCA0F2DBF5386001A29D5 /* SceneDelegate.swift */,
			);
			path = Application;
			sourceTree = "<group>";
		};
		A758941B2DBF594E00F60A01 /* Views */ = {
			isa = PBXGroup;
			children = (
				A75894622DBF87EF00F60A01 /* Home */,
				A75894372DBF653700F60A01 /* Login */,
			);
			path = Views;
			sourceTree = "<group>";
		};
		A758941C2DBF595400F60A01 /* ViewModels */ = {
			isa = PBXGroup;
			children = (
				A75894632DBF87F800F60A01 /* Home */,
				A75894362DBF652E00F60A01 /* Login */,
			);
			path = ViewModels;
			sourceTree = "<group>";
		};
		A758941D2DBF595C00F60A01 /* Models */ = {
			isa = PBXGroup;
			children = (
				A75894292DBF622200F60A01 /* Authentication */,
				A75894712DBF8A4300F60A01 /* NewsModel.swift */,
			);
			path = Models;
			sourceTree = "<group>";
		};
		A758941E2DBF596600F60A01 /* Resources */ = {
			isa = PBXGroup;
			children = (
				A758943D2DBF815900F60A01 /* Font */,
				A7ECCA192DBF5388001A29D5 /* Assets.xcassets */,
				A7ECCA1E2DBF5388001A29D5 /* Info.plist */,
				A75894242DBF5C9900F60A01 /* Auth0.plist */,
			);
			path = Resources;
			sourceTree = "<group>";
		};
		A758941F2DBF597100F60A01 /* SupportingFiles */ = {
			isa = PBXGroup;
			children = (
				A7ECCA112DBF5386001A29D5 /* ViewController.swift */,
				A7ECCA132DBF5386001A29D5 /* Main.storyboard */,
				A7ECCA1B2DBF5388001A29D5 /* LaunchScreen.storyboard */,
			);
			path = SupportingFiles;
			sourceTree = "<group>";
		};
		A75894202DBF597D00F60A01 /* Ulities */ = {
			isa = PBXGroup;
			children = (
				A75894772DBF8E9E00F60A01 /* Constants.swift */,
				A75894782DBF8E9E00F60A01 /* NetworkManager.swift */,
				A75894382DBF7E1D00F60A01 /* Extension */,
			);
			path = Ulities;
			sourceTree = "<group>";
		};
		A75894212DBF59A300F60A01 /* Services */ = {
			isa = PBXGroup;
			children = (
				A75894232DBF59B800F60A01 /* Storages */,
				A75894222DBF59B200F60A01 /* Networks */,
			);
			path = Services;
			sourceTree = "<group>";
		};
		A75894222DBF59B200F60A01 /* Networks */ = {
			isa = PBXGroup;
			children = (
				A758942C2DBF626D00F60A01 /* AuthenticationService.swift */,
				A758942E2DBF629100F60A01 /* Auth0Service.swift */,
				A758947D2DBF8EED00F60A01 /* HomeServiceProtocol.swift */,
			);
			path = Networks;
			sourceTree = "<group>";
		};
		A75894232DBF59B800F60A01 /* Storages */ = {
			isa = PBXGroup;
			children = (
				A7ECCA162DBF5386001A29D5 /* NewsApps.xcdatamodeld */,
			);
			path = Storages;
			sourceTree = "<group>";
		};
		A75894292DBF622200F60A01 /* Authentication */ = {
			isa = PBXGroup;
			children = (
				A75894272DBF618A00F60A01 /* User.swift */,
				A758942A2DBF623B00F60A01 /* Credentials.swift */,
			);
			path = Authentication;
			sourceTree = "<group>";
		};
		A75894362DBF652E00F60A01 /* Login */ = {
			isa = PBXGroup;
			children = (
				A75894302DBF633600F60A01 /* LoginViewModel.swift */,
			);
			path = Login;
			sourceTree = "<group>";
		};
		A75894372DBF653700F60A01 /* Login */ = {
			isa = PBXGroup;
			children = (
				A75894322DBF652B00F60A01 /* LoginViewController.swift */,
				A75894332DBF652B00F60A01 /* LoginViewController.xib */,
			);
			path = Login;
			sourceTree = "<group>";
		};
		A75894382DBF7E1D00F60A01 /* Extension */ = {
			isa = PBXGroup;
			children = (
				A75894392DBF7E4200F60A01 /* UIColor+Ext.swift */,
				A758943B2DBF814600F60A01 /* UIFont+Ext.swift */,
				A75894732DBF8B9C00F60A01 /* UIImageView+Ext.swift */,
			);
			path = Extension;
			sourceTree = "<group>";
		};
		A758943D2DBF815900F60A01 /* Font */ = {
			isa = PBXGroup;
			children = (
				A758943E2DBF815900F60A01 /* Montserrat-LightItalic.ttf */,
				A758943F2DBF815900F60A01 /* Montserrat-Medium.ttf */,
				A75894402DBF815900F60A01 /* Montserrat-BoldItalic.ttf */,
				A75894412DBF815900F60A01 /* Montserrat-Light.ttf */,
				A75894422DBF815900F60A01 /* Montserrat-ThinItalic.ttf */,
				A75894432DBF815900F60A01 /* Montserrat-ExtraLight.ttf */,
				A75894442DBF815900F60A01 /* Montserrat-Thin.ttf */,
				A75894452DBF815900F60A01 /* Montserrat-Bold.ttf */,
				A75894462DBF815900F60A01 /* Montserrat-MediumItalic.ttf */,
				A75894472DBF815900F60A01 /* Montserrat-BlackItalic.ttf */,
				A75894482DBF815900F60A01 /* Montserrat-SemiBold.ttf */,
				A75894492DBF815900F60A01 /* Montserrat-ExtraLightItalic.ttf */,
				A758944A2DBF815900F60A01 /* Montserrat-ExtraBold.ttf */,
				A758944B2DBF815900F60A01 /* Montserrat-Black.ttf */,
				A758944C2DBF815900F60A01 /* Montserrat-Regular.ttf */,
				A758944D2DBF815900F60A01 /* Montserrat-Italic.ttf */,
				A758944E2DBF815900F60A01 /* Montserrat-SemiBoldItalic.ttf */,
				A758944F2DBF815900F60A01 /* Montserrat-ExtraBoldItalic.ttf */,
			);
			path = Font;
			sourceTree = "<group>";
		};
		A75894622DBF87EF00F60A01 /* Home */ = {
			isa = PBXGroup;
			children = (
				A75894642DBF88A400F60A01 /* Cell */,
				A75894652DBF88B400F60A01 /* HomeViewController.swift */,
				A75894662DBF88B400F60A01 /* HomeViewController.xib */,
			);
			path = Home;
			sourceTree = "<group>";
		};
		A75894632DBF87F800F60A01 /* Home */ = {
			isa = PBXGroup;
			children = (
				A75894752DBF8CBF00F60A01 /* HomeViewModel.swift */,
			);
			path = Home;
			sourceTree = "<group>";
		};
		A75894642DBF88A400F60A01 /* Cell */ = {
			isa = PBXGroup;
			children = (
				A758946D2DBF88EA00F60A01 /* ItemCollectionViewCell.swift */,
				A758946E2DBF88EA00F60A01 /* ItemCollectionViewCell.xib */,
				A732329B2DBFC52400F69D66 /* SectionItemTableViewCell.swift */,
				A732329C2DBFC52400F69D66 /* SectionItemTableViewCell.xib */,
				A732329F2DBFC5F100F69D66 /* SectionHeaderView.swift */,
				A73232A12DBFC66100F69D66 /* SectionHeaderView.xib */,
			);
			path = Cell;
			sourceTree = "<group>";
		};
		A7ECCA012DBF5386001A29D5 = {
			isa = PBXGroup;
			children = (
				A7ECCA0C2DBF5386001A29D5 /* NewsApps */,
				A7ECCA0B2DBF5386001A29D5 /* Products */,
				FDBFC5040EC6A701667BC76D /* Pods */,
				4B6B072D2FEC265F74FAE4F7 /* Frameworks */,
			);
			sourceTree = "<group>";
		};
		A7ECCA0B2DBF5386001A29D5 /* Products */ = {
			isa = PBXGroup;
			children = (
				A7ECCA0A2DBF5386001A29D5 /* NewsApps.app */,
			);
			name = Products;
			sourceTree = "<group>";
		};
		A7ECCA0C2DBF5386001A29D5 /* NewsApps */ = {
			isa = PBXGroup;
			children = (
				A758941A2DBF594500F60A01 /* Application */,
				A758941D2DBF595C00F60A01 /* Models */,
				A758941E2DBF596600F60A01 /* Resources */,
				A75894212DBF59A300F60A01 /* Services */,
				A758941F2DBF597100F60A01 /* SupportingFiles */,
				A75894202DBF597D00F60A01 /* Ulities */,
				A758941C2DBF595400F60A01 /* ViewModels */,
				A758941B2DBF594E00F60A01 /* Views */,
			);
			path = NewsApps;
			sourceTree = "<group>";
		};
		FDBFC5040EC6A701667BC76D /* Pods */ = {
			isa = PBXGroup;
			children = (
				8F98BF3A37D8A73179D80F0C /* Pods-NewsApps.debug.xcconfig */,
				DA1937EFC6401FEDCD4E1701 /* Pods-NewsApps.release.xcconfig */,
			);
			path = Pods;
			sourceTree = "<group>";
		};
/* End PBXGroup section */

/* Begin PBXNativeTarget section */
		A7ECCA092DBF5386001A29D5 /* NewsApps */ = {
			isa = PBXNativeTarget;
			buildConfigurationList = A7ECCA212DBF5388001A29D5 /* Build configuration list for PBXNativeTarget "NewsApps" */;
			buildPhases = (
				C2099C6F1C83717F0C82F36A /* [CP] Check Pods Manifest.lock */,
				A7ECCA062DBF5386001A29D5 /* Sources */,
				A7ECCA072DBF5386001A29D5 /* Frameworks */,
				A7ECCA082DBF5386001A29D5 /* Resources */,
				5050D777BFA3FCCF6A6E403D /* [CP] Copy Pods Resources */,
			);
			buildRules = (
			);
			dependencies = (
			);
			name = NewsApps;
			productName = NewsApps;
			productReference = A7ECCA0A2DBF5386001A29D5 /* NewsApps.app */;
			productType = "com.apple.product-type.application";
		};
/* End PBXNativeTarget section */

/* Begin PBXProject section */
		A7ECCA022DBF5386001A29D5 /* Project object */ = {
			isa = PBXProject;
			attributes = {
				BuildIndependentTargetsInParallel = 1;
				LastSwiftUpdateCheck = 1510;
				LastUpgradeCheck = 1510;
				TargetAttributes = {
					A7ECCA092DBF5386001A29D5 = {
						CreatedOnToolsVersion = 15.1;
					};
				};
			};
			buildConfigurationList = A7ECCA052DBF5386001A29D5 /* Build configuration list for PBXProject "NewsApps" */;
			compatibilityVersion = "Xcode 14.0";
			developmentRegion = en;
			hasScannedForEncodings = 0;
			knownRegions = (
				en,
				Base,
			);
			mainGroup = A7ECCA012DBF5386001A29D5;
			productRefGroup = A7ECCA0B2DBF5386001A29D5 /* Products */;
			projectDirPath = "";
			projectRoot = "";
			targets = (
				A7ECCA092DBF5386001A29D5 /* NewsApps */,
			);
		};
/* End PBXProject section */

/* Begin PBXResourcesBuildPhase section */
		A7ECCA082DBF5386001A29D5 /* Resources */ = {
			isa = PBXResourcesBuildPhase;
			buildActionMask = 2147483647;
			files = (
				A75894522DBF815A00F60A01 /* Montserrat-BoldItalic.ttf in Resources */,
				A732329E2DBFC52400F69D66 /* SectionItemTableViewCell.xib in Resources */,
				A75894352DBF652B00F60A01 /* LoginViewController.xib in Resources */,
				A75894582DBF815A00F60A01 /* Montserrat-MediumItalic.ttf in Resources */,
				A75894592DBF815A00F60A01 /* Montserrat-BlackItalic.ttf in Resources */,
				A7ECCA1D2DBF5388001A29D5 /* LaunchScreen.storyboard in Resources */,
				A75894532DBF815A00F60A01 /* Montserrat-Light.ttf in Resources */,
				A758945F2DBF815A00F60A01 /* Montserrat-Italic.ttf in Resources */,
				A75894612DBF815A00F60A01 /* Montserrat-ExtraBoldItalic.ttf in Resources */,
				A75894572DBF815A00F60A01 /* Montserrat-Bold.ttf in Resources */,
				A758945C2DBF815A00F60A01 /* Montserrat-ExtraBold.ttf in Resources */,
				A758945E2DBF815A00F60A01 /* Montserrat-Regular.ttf in Resources */,
				A75894542DBF815A00F60A01 /* Montserrat-ThinItalic.ttf in Resources */,
				A75894702DBF88EA00F60A01 /* ItemCollectionViewCell.xib in Resources */,
				A75894502DBF815A00F60A01 /* Montserrat-LightItalic.ttf in Resources */,
				A75894602DBF815A00F60A01 /* Montserrat-SemiBoldItalic.ttf in Resources */,
				A75894552DBF815A00F60A01 /* Montserrat-ExtraLight.ttf in Resources */,
				A75894512DBF815A00F60A01 /* Montserrat-Medium.ttf in Resources */,
				A758945D2DBF815A00F60A01 /* Montserrat-Black.ttf in Resources */,
				A7ECCA1A2DBF5388001A29D5 /* Assets.xcassets in Resources */,
				A7ECCA152DBF5386001A29D5 /* Main.storyboard in Resources */,
				A75894562DBF815A00F60A01 /* Montserrat-Thin.ttf in Resources */,
				A758945B2DBF815A00F60A01 /* Montserrat-ExtraLightItalic.ttf in Resources */,
				A758945A2DBF815A00F60A01 /* Montserrat-SemiBold.ttf in Resources */,
				A75894252DBF5C9900F60A01 /* Auth0.plist in Resources */,
				A75894682DBF88B400F60A01 /* HomeViewController.xib in Resources */,
				A73232A22DBFC66100F69D66 /* SectionHeaderView.xib in Resources */,
			);
			runOnlyForDeploymentPostprocessing = 0;
		};
/* End PBXResourcesBuildPhase section */

/* Begin PBXShellScriptBuildPhase section */
		5050D777BFA3FCCF6A6E403D /* [CP] Copy Pods Resources */ = {
			isa = PBXShellScriptBuildPhase;
			buildActionMask = 2147483647;
			files = (
			);
			inputFileListPaths = (
				"${PODS_ROOT}/Target Support Files/Pods-NewsApps/Pods-NewsApps-resources-${CONFIGURATION}-input-files.xcfilelist",
			);
			name = "[CP] Copy Pods Resources";
			outputFileListPaths = (
				"${PODS_ROOT}/Target Support Files/Pods-NewsApps/Pods-NewsApps-resources-${CONFIGURATION}-output-files.xcfilelist",
			);
			runOnlyForDeploymentPostprocessing = 0;
			shellPath = /bin/sh;
			shellScript = "\"${PODS_ROOT}/Target Support Files/Pods-NewsApps/Pods-NewsApps-resources.sh\"\n";
			showEnvVarsInLog = 0;
		};
		C2099C6F1C83717F0C82F36A /* [CP] Check Pods Manifest.lock */ = {
			isa = PBXShellScriptBuildPhase;
			buildActionMask = 2147483647;
			files = (
			);
			inputFileListPaths = (
			);
			inputPaths = (
				"${PODS_PODFILE_DIR_PATH}/Podfile.lock",
				"${PODS_ROOT}/Manifest.lock",
			);
			name = "[CP] Check Pods Manifest.lock";
			outputFileListPaths = (
			);
			outputPaths = (
				"$(DERIVED_FILE_DIR)/Pods-NewsApps-checkManifestLockResult.txt",
			);
			runOnlyForDeploymentPostprocessing = 0;
			shellPath = /bin/sh;
			shellScript = "diff \"${PODS_PODFILE_DIR_PATH}/Podfile.lock\" \"${PODS_ROOT}/Manifest.lock\" > /dev/null\nif [ $? != 0 ] ; then\n    # print error to STDERR\n    echo \"error: The sandbox is not in sync with the Podfile.lock. Run 'pod install' or update your CocoaPods installation.\" >&2\n    exit 1\nfi\n# This output is used by Xcode 'outputs' to avoid re-running this script phase.\necho \"SUCCESS\" > \"${SCRIPT_OUTPUT_FILE_0}\"\n";
			showEnvVarsInLog = 0;
		};
/* End PBXShellScriptBuildPhase section */

/* Begin PBXSourcesBuildPhase section */
		A7ECCA062DBF5386001A29D5 /* Sources */ = {
			isa = PBXSourcesBuildPhase;
			buildActionMask = 2147483647;
			files = (
				A758946F2DBF88EA00F60A01 /* ItemCollectionViewCell.swift in Sources */,
				A75894792DBF8E9E00F60A01 /* Constants.swift in Sources */,
				A75894762DBF8CBF00F60A01 /* HomeViewModel.swift in Sources */,
				A758943C2DBF814600F60A01 /* UIFont+Ext.swift in Sources */,
				A758942F2DBF629100F60A01 /* Auth0Service.swift in Sources */,
				A758942B2DBF623B00F60A01 /* Credentials.swift in Sources */,
				A7ECCA122DBF5386001A29D5 /* ViewController.swift in Sources */,
				A7ECCA0E2DBF5386001A29D5 /* AppDelegate.swift in Sources */,
				A73232A02DBFC5F100F69D66 /* SectionHeaderView.swift in Sources */,
				A758943A2DBF7E4200F60A01 /* UIColor+Ext.swift in Sources */,
				A732329D2DBFC52400F69D66 /* SectionItemTableViewCell.swift in Sources */,
				A75894722DBF8A4300F60A01 /* NewsModel.swift in Sources */,
				A75894742DBF8B9C00F60A01 /* UIImageView+Ext.swift in Sources */,
				A758947A2DBF8E9E00F60A01 /* NetworkManager.swift in Sources */,
				A7ECCA182DBF5386001A29D5 /* NewsApps.xcdatamodeld in Sources */,
				A75894282DBF618A00F60A01 /* User.swift in Sources */,
				A7ECCA102DBF5386001A29D5 /* SceneDelegate.swift in Sources */,
				A758942D2DBF626D00F60A01 /* AuthenticationService.swift in Sources */,
				A758947E2DBF8EED00F60A01 /* HomeServiceProtocol.swift in Sources */,
				A75894342DBF652B00F60A01 /* LoginViewController.swift in Sources */,
				A75894672DBF88B400F60A01 /* HomeViewController.swift in Sources */,
				A75894312DBF633600F60A01 /* LoginViewModel.swift in Sources */,
			);
			runOnlyForDeploymentPostprocessing = 0;
		};
/* End PBXSourcesBuildPhase section */

/* Begin PBXVariantGroup section */
		A7ECCA132DBF5386001A29D5 /* Main.storyboard */ = {
			isa = PBXVariantGroup;
			children = (
				A7ECCA142DBF5386001A29D5 /* Base */,
			);
			name = Main.storyboard;
			sourceTree = "<group>";
		};
		A7ECCA1B2DBF5388001A29D5 /* LaunchScreen.storyboard */ = {
			isa = PBXVariantGroup;
			children = (
				A7ECCA1C2DBF5388001A29D5 /* Base */,
			);
			name = LaunchScreen.storyboard;
			sourceTree = "<group>";
		};
/* End PBXVariantGroup section */

/* Begin XCBuildConfiguration section */
		A7ECCA1F2DBF5388001A29D5 /* Debug */ = {
			isa = XCBuildConfiguration;
			buildSettings = {
				ALWAYS_SEARCH_USER_PATHS = NO;
				ASSETCATALOG_COMPILER_GENERATE_SWIFT_ASSET_SYMBOL_EXTENSIONS = YES;
				CLANG_ANALYZER_NONNULL = YES;
				CLANG_ANALYZER_NUMBER_OBJECT_CONVERSION = YES_AGGRESSIVE;
				CLANG_CXX_LANGUAGE_STANDARD = "gnu++20";
				CLANG_ENABLE_MODULES = YES;
				CLANG_ENABLE_OBJC_ARC = YES;
				CLANG_ENABLE_OBJC_WEAK = YES;
				CLANG_WARN_BLOCK_CAPTURE_AUTORELEASING = YES;
				CLANG_WARN_BOOL_CONVERSION = YES;
				CLANG_WARN_COMMA = YES;
				CLANG_WARN_CONSTANT_CONVERSION = YES;
				CLANG_WARN_DEPRECATED_OBJC_IMPLEMENTATIONS = YES;
				CLANG_WARN_DIRECT_OBJC_ISA_USAGE = YES_ERROR;
				CLANG_WARN_DOCUMENTATION_COMMENTS = YES;
				CLANG_WARN_EMPTY_BODY = YES;
				CLANG_WARN_ENUM_CONVERSION = YES;
				CLANG_WARN_INFINITE_RECURSION = YES;
				CLANG_WARN_INT_CONVERSION = YES;
				CLANG_WARN_NON_LITERAL_NULL_CONVERSION = YES;
				CLANG_WARN_OBJC_IMPLICIT_RETAIN_SELF = YES;
				CLANG_WARN_OBJC_LITERAL_CONVERSION = YES;
				CLANG_WARN_OBJC_ROOT_CLASS = YES_ERROR;
				CLANG_WARN_QUOTED_INCLUDE_IN_FRAMEWORK_HEADER = YES;
				CLANG_WARN_RANGE_LOOP_ANALYSIS = YES;
				CLANG_WARN_STRICT_PROTOTYPES = YES;
				CLANG_WARN_SUSPICIOUS_MOVE = YES;
				CLANG_WARN_UNGUARDED_AVAILABILITY = YES_AGGRESSIVE;
				CLANG_WARN_UNREACHABLE_CODE = YES;
				CLANG_WARN__DUPLICATE_METHOD_MATCH = YES;
				COPY_PHASE_STRIP = NO;
				DEBUG_INFORMATION_FORMAT = dwarf;
				ENABLE_STRICT_OBJC_MSGSEND = YES;
				ENABLE_TESTABILITY = YES;
				ENABLE_USER_SCRIPT_SANDBOXING = YES;
				GCC_C_LANGUAGE_STANDARD = gnu17;
				GCC_DYNAMIC_NO_PIC = NO;
				GCC_NO_COMMON_BLOCKS = YES;
				GCC_OPTIMIZATION_LEVEL = 0;
				GCC_PREPROCESSOR_DEFINITIONS = (
					"DEBUG=1",
					"$(inherited)",
				);
				GCC_WARN_64_TO_32_BIT_CONVERSION = YES;
				GCC_WARN_ABOUT_RETURN_TYPE = YES_ERROR;
				GCC_WARN_UNDECLARED_SELECTOR = YES;
				GCC_WARN_UNINITIALIZED_AUTOS = YES_AGGRESSIVE;
				GCC_WARN_UNUSED_FUNCTION = YES;
				GCC_WARN_UNUSED_VARIABLE = YES;
				IPHONEOS_DEPLOYMENT_TARGET = 17.2;
				LOCALIZATION_PREFERS_STRING_CATALOGS = YES;
				MTL_ENABLE_DEBUG_INFO = INCLUDE_SOURCE;
				MTL_FAST_MATH = YES;
				ONLY_ACTIVE_ARCH = YES;
				SDKROOT = iphoneos;
				SWIFT_ACTIVE_COMPILATION_CONDITIONS = "DEBUG $(inherited)";
				SWIFT_OPTIMIZATION_LEVEL = "-Onone";
			};
			name = Debug;
		};
		A7ECCA202DBF5388001A29D5 /* Release */ = {
			isa = XCBuildConfiguration;
			buildSettings = {
				ALWAYS_SEARCH_USER_PATHS = NO;
				ASSETCATALOG_COMPILER_GENERATE_SWIFT_ASSET_SYMBOL_EXTENSIONS = YES;
				CLANG_ANALYZER_NONNULL = YES;
				CLANG_ANALYZER_NUMBER_OBJECT_CONVERSION = YES_AGGRESSIVE;
				CLANG_CXX_LANGUAGE_STANDARD = "gnu++20";
				CLANG_ENABLE_MODULES = YES;
				CLANG_ENABLE_OBJC_ARC = YES;
				CLANG_ENABLE_OBJC_WEAK = YES;
				CLANG_WARN_BLOCK_CAPTURE_AUTORELEASING = YES;
				CLANG_WARN_BOOL_CONVERSION = YES;
				CLANG_WARN_COMMA = YES;
				CLANG_WARN_CONSTANT_CONVERSION = YES;
				CLANG_WARN_DEPRECATED_OBJC_IMPLEMENTATIONS = YES;
				CLANG_WARN_DIRECT_OBJC_ISA_USAGE = YES_ERROR;
				CLANG_WARN_DOCUMENTATION_COMMENTS = YES;
				CLANG_WARN_EMPTY_BODY = YES;
				CLANG_WARN_ENUM_CONVERSION = YES;
				CLANG_WARN_INFINITE_RECURSION = YES;
				CLANG_WARN_INT_CONVERSION = YES;
				CLANG_WARN_NON_LITERAL_NULL_CONVERSION = YES;
				CLANG_WARN_OBJC_IMPLICIT_RETAIN_SELF = YES;
				CLANG_WARN_OBJC_LITERAL_CONVERSION = YES;
				CLANG_WARN_OBJC_ROOT_CLASS = YES_ERROR;
				CLANG_WARN_QUOTED_INCLUDE_IN_FRAMEWORK_HEADER = YES;
				CLANG_WARN_RANGE_LOOP_ANALYSIS = YES;
				CLANG_WARN_STRICT_PROTOTYPES = YES;
				CLANG_WARN_SUSPICIOUS_MOVE = YES;
				CLANG_WARN_UNGUARDED_AVAILABILITY = YES_AGGRESSIVE;
				CLANG_WARN_UNREACHABLE_CODE = YES;
				CLANG_WARN__DUPLICATE_METHOD_MATCH = YES;
				COPY_PHASE_STRIP = NO;
				DEBUG_INFORMATION_FORMAT = "dwarf-with-dsym";
				ENABLE_NS_ASSERTIONS = NO;
				ENABLE_STRICT_OBJC_MSGSEND = YES;
				ENABLE_USER_SCRIPT_SANDBOXING = YES;
				GCC_C_LANGUAGE_STANDARD = gnu17;
				GCC_NO_COMMON_BLOCKS = YES;
				GCC_WARN_64_TO_32_BIT_CONVERSION = YES;
				GCC_WARN_ABOUT_RETURN_TYPE = YES_ERROR;
				GCC_WARN_UNDECLARED_SELECTOR = YES;
				GCC_WARN_UNINITIALIZED_AUTOS = YES_AGGRESSIVE;
				GCC_WARN_UNUSED_FUNCTION = YES;
				GCC_WARN_UNUSED_VARIABLE = YES;
				IPHONEOS_DEPLOYMENT_TARGET = 17.2;
				LOCALIZATION_PREFERS_STRING_CATALOGS = YES;
				MTL_ENABLE_DEBUG_INFO = NO;
				MTL_FAST_MATH = YES;
				SDKROOT = iphoneos;
				SWIFT_COMPILATION_MODE = wholemodule;
				VALIDATE_PRODUCT = YES;
			};
			name = Release;
		};
		A7ECCA222DBF5388001A29D5 /* Debug */ = {
			isa = XCBuildConfiguration;
			baseConfigurationReference = 8F98BF3A37D8A73179D80F0C /* Pods-NewsApps.debug.xcconfig */;
			buildSettings = {
				ASSETCATALOG_COMPILER_APPICON_NAME = AppIcon;
				ASSETCATALOG_COMPILER_GLOBAL_ACCENT_COLOR_NAME = AccentColor;
				CODE_SIGN_STYLE = Automatic;
				CURRENT_PROJECT_VERSION = 1;
				DEVELOPMENT_TEAM = M843HJCGXQ;
				ENABLE_USER_SCRIPT_SANDBOXING = NO;
				GENERATE_INFOPLIST_FILE = YES;
				INFOPLIST_FILE = NewsApps/Resources/Info.plist;
				INFOPLIST_KEY_UIApplicationSupportsIndirectInputEvents = YES;
				INFOPLIST_KEY_UILaunchStoryboardName = LaunchScreen;
				INFOPLIST_KEY_UIMainStoryboardFile = Main;
				INFOPLIST_KEY_UISupportedInterfaceOrientations_iPad = "UIInterfaceOrientationPortrait UIInterfaceOrientationPortraitUpsideDown UIInterfaceOrientationLandscapeLeft UIInterfaceOrientationLandscapeRight";
				INFOPLIST_KEY_UISupportedInterfaceOrientations_iPhone = "UIInterfaceOrientationPortrait UIInterfaceOrientationLandscapeLeft UIInterfaceOrientationLandscapeRight";
				LD_RUNPATH_SEARCH_PATHS = (
					"$(inherited)",
					"@executable_path/Frameworks",
				);
				MARKETING_VERSION = 1.0;
				PRODUCT_BUNDLE_IDENTIFIER = com.faza.NewsApps;
				PRODUCT_NAME = "$(TARGET_NAME)";
				SWIFT_EMIT_LOC_STRINGS = YES;
				SWIFT_VERSION = 5.0;
				TARGETED_DEVICE_FAMILY = "1,2";
			};
			name = Debug;
		};
		A7ECCA232DBF5388001A29D5 /* Release */ = {
			isa = XCBuildConfiguration;
			baseConfigurationReference = DA1937EFC6401FEDCD4E1701 /* Pods-NewsApps.release.xcconfig */;
			buildSettings = {
				ASSETCATALOG_COMPILER_APPICON_NAME = AppIcon;
				ASSETCATALOG_COMPILER_GLOBAL_ACCENT_COLOR_NAME = AccentColor;
				CODE_SIGN_STYLE = Automatic;
				CURRENT_PROJECT_VERSION = 1;
				DEVELOPMENT_TEAM = M843HJCGXQ;
				ENABLE_USER_SCRIPT_SANDBOXING = NO;
				GENERATE_INFOPLIST_FILE = YES;
				INFOPLIST_FILE = NewsApps/Resources/Info.plist;
				INFOPLIST_KEY_UIApplicationSupportsIndirectInputEvents = YES;
				INFOPLIST_KEY_UILaunchStoryboardName = LaunchScreen;
				INFOPLIST_KEY_UIMainStoryboardFile = Main;
				INFOPLIST_KEY_UISupportedInterfaceOrientations_iPad = "UIInterfaceOrientationPortrait UIInterfaceOrientationPortraitUpsideDown UIInterfaceOrientationLandscapeLeft UIInterfaceOrientationLandscapeRight";
				INFOPLIST_KEY_UISupportedInterfaceOrientations_iPhone = "UIInterfaceOrientationPortrait UIInterfaceOrientationLandscapeLeft UIInterfaceOrientationLandscapeRight";
				LD_RUNPATH_SEARCH_PATHS = (
					"$(inherited)",
					"@executable_path/Frameworks",
				);
				MARKETING_VERSION = 1.0;
				PRODUCT_BUNDLE_IDENTIFIER = com.faza.NewsApps;
				PRODUCT_NAME = "$(TARGET_NAME)";
				SWIFT_EMIT_LOC_STRINGS = YES;
				SWIFT_VERSION = 5.0;
				TARGETED_DEVICE_FAMILY = "1,2";
			};
			name = Release;
		};
/* End XCBuildConfiguration section */

/* Begin XCConfigurationList section */
		A7ECCA052DBF5386001A29D5 /* Build configuration list for PBXProject "NewsApps" */ = {
			isa = XCConfigurationList;
			buildConfigurations = (
				A7ECCA1F2DBF5388001A29D5 /* Debug */,
				A7ECCA202DBF5388001A29D5 /* Release */,
			);
			defaultConfigurationIsVisible = 0;
			defaultConfigurationName = Release;
		};
		A7ECCA212DBF5388001A29D5 /* Build configuration list for PBXNativeTarget "NewsApps" */ = {
			isa = XCConfigurationList;
			buildConfigurations = (
				A7ECCA222DBF5388001A29D5 /* Debug */,
				A7ECCA232DBF5388001A29D5 /* Release */,
			);
			defaultConfigurationIsVisible = 0;
			defaultConfigurationName = Release;
		};
/* End XCConfigurationList section */

/* Begin XCVersionGroup section */
		A7ECCA162DBF5386001A29D5 /* NewsApps.xcdatamodeld */ = {
			isa = XCVersionGroup;
			children = (
				A7ECCA172DBF5386001A29D5 /* NewsApps.xcdatamodel */,
			);
			currentVersion = A7ECCA172DBF5386001A29D5 /* NewsApps.xcdatamodel */;
			path = NewsApps.xcdatamodeld;
			sourceTree = "<group>";
			versionGroupType = wrapper.xcdatamodel;
		};
/* End XCVersionGroup section */
	};
	rootObject = A7ECCA022DBF5386001A29D5 /* Project object */;
}
