// !$*UTF8*$!
{
	archiveVersion = 1;
	classes = {
	};
	objectVersion = 56;
	objects = {

/* Begin PBXBuildFile section */
		A7ECCA0E2DBF5386001A29D5 /* AppDelegate.swift in Sources */ = {isa = PBXBuildFile; fileRef = A7ECCA0D2DBF5386001A29D5 /* AppDelegate.swift */; };
		A7ECCA102DBF5386001A29D5 /* SceneDelegate.swift in Sources */ = {isa = PBXBuildFile; fileRef = A7ECCA0F2DBF5386001A29D5 /* SceneDelegate.swift */; };
		A7ECCA122DBF5386001A29D5 /* ViewController.swift in Sources */ = {isa = PBXBuildFile; fileRef = A7ECCA112DBF5386001A29D5 /* ViewController.swift */; };
		A7ECCA152DBF5386001A29D5 /* Main.storyboard in Resources */ = {isa = PBXBuildFile; fileRef = A7ECCA132DBF5386001A29D5 /* Main.storyboard */; };
		A7ECCA182DBF5386001A29D5 /* NewsApps.xcdatamodeld in Sources */ = {isa = PBXBuildFile; fileRef = A7ECCA162DBF5386001A29D5 /* NewsApps.xcdatamodeld */; };
		A7ECCA1A2DBF5388001A29D5 /* Assets.xcassets in Resources */ = {isa = PBXBuildFile; fileRef = A7ECCA192DBF5388001A29D5 /* Assets.xcassets */; };
		A7ECCA1D2DBF5388001A29D5 /* LaunchScreen.storyboard in Resources */ = {isa = PBXBuildFile; fileRef = A7ECCA1B2DBF5388001A29D5 /* LaunchScreen.storyboard */; };
		F3414D81A91ACF1D56419CA6 /* libPods-NewsApps.a in Frameworks */ = {isa = PBXBuildFile; fileRef = 2FF88778F13C36FC856A8EB8 /* libPods-NewsApps.a */; };
/* End PBXBuildFile section */

/* Begin PBXFileReference section */
		2FF88778F13C36FC856A8EB8 /* libPods-NewsApps.a */ = {isa = PBXFileReference; explicitFileType = archive.ar; includeInIndex = 0; path = "libPods-NewsApps.a"; sourceTree = BUILT_PRODUCTS_DIR; };
		8F98BF3A37D8A73179D80F0C /* Pods-NewsApps.debug.xcconfig */ = {isa = PBXFileReference; includeInIndex = 1; lastKnownFileType = text.xcconfig; name = "Pods-NewsApps.debug.xcconfig"; path = "Target Support Files/Pods-NewsApps/Pods-NewsApps.debug.xcconfig"; sourceTree = "<group>"; };
		A7ECCA0A2DBF5386001A29D5 /* NewsApps.app */ = {isa = PBXFileReference; explicitFileType = wrapper.application; includeInIndex = 0; path = NewsApps.app; sourceTree = BUILT_PRODUCTS_DIR; };
		A7ECCA0D2DBF5386001A29D5 /* AppDelegate.swift */ = {isa = PBXFileReference; lastKnownFileType = sourcecode.swift; path = AppDelegate.swift; sourceTree = "<group>"; };
		A7ECCA0F2DBF5386001A29D5 /* SceneDelegate.swift */ = {isa = PBXFileReference; lastKnownFileType = sourcecode.swift; path = SceneDelegate.swift; sourceTree = "<group>"; };
		A7ECCA112DBF5386001A29D5 /* ViewController.swift */ = {isa = PBXFileReference; lastKnownFileType = sourcecode.swift; path = ViewController.swift; sourceTree = "<group>"; };
		A7ECCA142DBF5386001A29D5 /* Base */ = {isa = PBXFileReference; lastKnownFileType = file.storyboard; name = Base; path = Base.lproj/Main.storyboard; sourceTree = "<group>"; };
		A7ECCA172DBF5386001A29D5 /* NewsApps.xcdatamodel */ = {isa = PBXFileReference; lastKnownFileType = wrapper.xcdatamodel; path = NewsApps.xcdatamodel; sourceTree = "<group>"; };
		A7ECCA192DBF5388001A29D5 /* Assets.xcassets */ = {isa = PBXFileReference; lastKnownFileType = folder.assetcatalog; path = Assets.xcassets; sourceTree = "<group>"; };
		A7ECCA1C2DBF5388001A29D5 /* Base */ = {isa = PBXFileReference; lastKnownFileType = file.storyboard; name = Base; path = Base.lproj/LaunchScreen.storyboard; sourceTree = "<group>"; };
		A7ECCA1E2DBF5388001A29D5 /* Info.plist */ = {isa = PBXFileReference; lastKnownFileType = text.plist.xml; path = Info.plist; sourceTree = "<group>"; };
		DA1937EFC6401FEDCD4E1701 /* Pods-NewsApps.release.xcconfig */ = {isa = PBXFileReference; includeInIndex = 1; lastKnownFileType = text.xcconfig; name = "Pods-NewsApps.release.xcconfig"; path = "Target Support Files/Pods-NewsApps/Pods-NewsApps.release.xcconfig"; sourceTree = "<group>"; };
/* End PBXFileReference section */

/* Begin PBXFrameworksBuildPhase section */
		A7ECCA072DBF5386001A29D5 /* Frameworks */ = {
			isa = PBXFrameworksBuildPhase;
			buildActionMask = 2147483647;
			files = (
				F3414D81A91ACF1D56419CA6 /* libPods-NewsApps.a in Frameworks */,
			);
			runOnlyForDeploymentPostprocessing = 0;
		};
/* End PBXFrameworksBuildPhase section */

/* Begin PBXGroup section */
		4B6B072D2FEC265F74FAE4F7 /* Frameworks */ = {
			isa = PBXGroup;
			children = (
				2FF88778F13C36FC856A8EB8 /* libPods-NewsApps.a */,
			);
			name = Frameworks;
			sourceTree = "<group>";
		};
		A758941A2DBF594500F60A01 /* Application */ = {
			isa = PBXGroup;
			children = (
				A7ECCA0D2DBF5386001A29D5 /* AppDelegate.swift */,
				A7ECCA0F2DBF5386001A29D5 /* SceneDelegate.swift */,
			);
			path = Application;
			sourceTree = "<group>";
		};
		A758941B2DBF594E00F60A01 /* Views */ = {
			isa = PBXGroup;
			children = (
			);
			path = Views;
			sourceTree = "<group>";
		};
		A758941C2DBF595400F60A01 /* ViewModels */ = {
			isa = PBXGroup;
			children = (
			);
			path = ViewModels;
			sourceTree = "<group>";
		};
		A758941D2DBF595C00F60A01 /* Models */ = {
			isa = PBXGroup;
			children = (
			);
			path = Models;
			sourceTree = "<group>";
		};
		A758941E2DBF596600F60A01 /* Resources */ = {
			isa = PBXGroup;
			children = (
				A7ECCA192DBF5388001A29D5 /* Assets.xcassets */,
				A7ECCA1E2DBF5388001A29D5 /* Info.plist */,
			);
			path = Resources;
			sourceTree = "<group>";
		};
		A758941F2DBF597100F60A01 /* SupportingFiles */ = {
			isa = PBXGroup;
			children = (
				A7ECCA112DBF5386001A29D5 /* ViewController.swift */,
				A7ECCA132DBF5386001A29D5 /* Main.storyboard */,
				A7ECCA1B2DBF5388001A29D5 /* LaunchScreen.storyboard */,
			);
			path = SupportingFiles;
			sourceTree = "<group>";
		};
		A75894202DBF597D00F60A01 /* Ulities */ = {
			isa = PBXGroup;
			children = (
			);
			path = Ulities;
			sourceTree = "<group>";
		};
		A75894212DBF59A300F60A01 /* Services */ = {
			isa = PBXGroup;
			children = (
				A75894232DBF59B800F60A01 /* Storages */,
				A75894222DBF59B200F60A01 /* Networks */,
			);
			path = Services;
			sourceTree = "<group>";
		};
		A75894222DBF59B200F60A01 /* Networks */ = {
			isa = PBXGroup;
			children = (
			);
			path = Networks;
			sourceTree = "<group>";
		};
		A75894232DBF59B800F60A01 /* Storages */ = {
			isa = PBXGroup;
			children = (
				A7ECCA162DBF5386001A29D5 /* NewsApps.xcdatamodeld */,
			);
			path = Storages;
			sourceTree = "<group>";
		};
		A7ECCA012DBF5386001A29D5 = {
			isa = PBXGroup;
			children = (
				A7ECCA0C2DBF5386001A29D5 /* NewsApps */,
				A7ECCA0B2DBF5386001A29D5 /* Products */,
				FDBFC5040EC6A701667BC76D /* Pods */,
				4B6B072D2FEC265F74FAE4F7 /* Frameworks */,
			);
			sourceTree = "<group>";
		};
		A7ECCA0B2DBF5386001A29D5 /* Products */ = {
			isa = PBXGroup;
			children = (
				A7ECCA0A2DBF5386001A29D5 /* NewsApps.app */,
			);
			name = Products;
			sourceTree = "<group>";
		};
		A7ECCA0C2DBF5386001A29D5 /* NewsApps */ = {
			isa = PBXGroup;
			children = (
				A758941A2DBF594500F60A01 /* Application */,
				A758941D2DBF595C00F60A01 /* Models */,
				A758941E2DBF596600F60A01 /* Resources */,
				A75894212DBF59A300F60A01 /* Services */,
				A758941F2DBF597100F60A01 /* SupportingFiles */,
				A75894202DBF597D00F60A01 /* Ulities */,
				A758941C2DBF595400F60A01 /* ViewModels */,
				A758941B2DBF594E00F60A01 /* Views */,
			);
			path = NewsApps;
			sourceTree = "<group>";
		};
		FDBFC5040EC6A701667BC76D /* Pods */ = {
			isa = PBXGroup;
			children = (
				8F98BF3A37D8A73179D80F0C /* Pods-NewsApps.debug.xcconfig */,
				DA1937EFC6401FEDCD4E1701 /* Pods-NewsApps.release.xcconfig */,
			);
			path = Pods;
			sourceTree = "<group>";
		};
/* End PBXGroup section */

/* Begin PBXNativeTarget section */
		A7ECCA092DBF5386001A29D5 /* NewsApps */ = {
			isa = PBXNativeTarget;
			buildConfigurationList = A7ECCA212DBF5388001A29D5 /* Build configuration list for PBXNativeTarget "NewsApps" */;
			buildPhases = (
				C2099C6F1C83717F0C82F36A /* [CP] Check Pods Manifest.lock */,
				A7ECCA062DBF5386001A29D5 /* Sources */,
				A7ECCA072DBF5386001A29D5 /* Frameworks */,
				A7ECCA082DBF5386001A29D5 /* Resources */,
				5050D777BFA3FCCF6A6E403D /* [CP] Copy Pods Resources */,
			);
			buildRules = (
			);
			dependencies = (
			);
			name = NewsApps;
			productName = NewsApps;
			productReference = A7ECCA0A2DBF5386001A29D5 /* NewsApps.app */;
			productType = "com.apple.product-type.application";
		};
/* End PBXNativeTarget section */

/* Begin PBXProject section */
		A7ECCA022DBF5386001A29D5 /* Project object */ = {
			isa = PBXProject;
			attributes = {
				BuildIndependentTargetsInParallel = 1;
				LastSwiftUpdateCheck = 1510;
				LastUpgradeCheck = 1510;
				TargetAttributes = {
					A7ECCA092DBF5386001A29D5 = {
						CreatedOnToolsVersion = 15.1;
					};
				};
			};
			buildConfigurationList = A7ECCA052DBF5386001A29D5 /* Build configuration list for PBXProject "NewsApps" */;
			compatibilityVersion = "Xcode 14.0";
			developmentRegion = en;
			hasScannedForEncodings = 0;
			knownRegions = (
				en,
				Base,
			);
			mainGroup = A7ECCA012DBF5386001A29D5;
			productRefGroup = A7ECCA0B2DBF5386001A29D5 /* Products */;
			projectDirPath = "";
			projectRoot = "";
			targets = (
				A7ECCA092DBF5386001A29D5 /* NewsApps */,
			);
		};
/* End PBXProject section */

/* Begin PBXResourcesBuildPhase section */
		A7ECCA082DBF5386001A29D5 /* Resources */ = {
			isa = PBXResourcesBuildPhase;
			buildActionMask = 2147483647;
			files = (
				A7ECCA1D2DBF5388001A29D5 /* LaunchScreen.storyboard in Resources */,
				A7ECCA1A2DBF5388001A29D5 /* Assets.xcassets in Resources */,
				A7ECCA152DBF5386001A29D5 /* Main.storyboard in Resources */,
			);
			runOnlyForDeploymentPostprocessing = 0;
		};
/* End PBXResourcesBuildPhase section */

/* Begin PBXShellScriptBuildPhase section */
		5050D777BFA3FCCF6A6E403D /* [CP] Copy Pods Resources */ = {
			isa = PBXShellScriptBuildPhase;
			buildActionMask = 2147483647;
			files = (
			);
			inputFileListPaths = (
				"${PODS_ROOT}/Target Support Files/Pods-NewsApps/Pods-NewsApps-resources-${CONFIGURATION}-input-files.xcfilelist",
			);
			name = "[CP] Copy Pods Resources";
			outputFileListPaths = (
				"${PODS_ROOT}/Target Support Files/Pods-NewsApps/Pods-NewsApps-resources-${CONFIGURATION}-output-files.xcfilelist",
			);
			runOnlyForDeploymentPostprocessing = 0;
			shellPath = /bin/sh;
			shellScript = "\"${PODS_ROOT}/Target Support Files/Pods-NewsApps/Pods-NewsApps-resources.sh\"\n";
			showEnvVarsInLog = 0;
		};
		C2099C6F1C83717F0C82F36A /* [CP] Check Pods Manifest.lock */ = {
			isa = PBXShellScriptBuildPhase;
			buildActionMask = 2147483647;
			files = (
			);
			inputFileListPaths = (
			);
			inputPaths = (
				"${PODS_PODFILE_DIR_PATH}/Podfile.lock",
				"${PODS_ROOT}/Manifest.lock",
			);
			name = "[CP] Check Pods Manifest.lock";
			outputFileListPaths = (
			);
			outputPaths = (
				"$(DERIVED_FILE_DIR)/Pods-NewsApps-checkManifestLockResult.txt",
			);
			runOnlyForDeploymentPostprocessing = 0;
			shellPath = /bin/sh;
			shellScript = "diff \"${PODS_PODFILE_DIR_PATH}/Podfile.lock\" \"${PODS_ROOT}/Manifest.lock\" > /dev/null\nif [ $? != 0 ] ; then\n    # print error to STDERR\n    echo \"error: The sandbox is not in sync with the Podfile.lock. Run 'pod install' or update your CocoaPods installation.\" >&2\n    exit 1\nfi\n# This output is used by Xcode 'outputs' to avoid re-running this script phase.\necho \"SUCCESS\" > \"${SCRIPT_OUTPUT_FILE_0}\"\n";
			showEnvVarsInLog = 0;
		};
/* End PBXShellScriptBuildPhase section */

/* Begin PBXSourcesBuildPhase section */
		A7ECCA062DBF5386001A29D5 /* Sources */ = {
			isa = PBXSourcesBuildPhase;
			buildActionMask = 2147483647;
			files = (
				A7ECCA122DBF5386001A29D5 /* ViewController.swift in Sources */,
				A7ECCA0E2DBF5386001A29D5 /* AppDelegate.swift in Sources */,
				A7ECCA182DBF5386001A29D5 /* NewsApps.xcdatamodeld in Sources */,
				A7ECCA102DBF5386001A29D5 /* SceneDelegate.swift in Sources */,
			);
			runOnlyForDeploymentPostprocessing = 0;
		};
/* End PBXSourcesBuildPhase section */

/* Begin PBXVariantGroup section */
		A7ECCA132DBF5386001A29D5 /* Main.storyboard */ = {
			isa = PBXVariantGroup;
			children = (
				A7ECCA142DBF5386001A29D5 /* Base */,
			);
			name = Main.storyboard;
			sourceTree = "<group>";
		};
		A7ECCA1B2DBF5388001A29D5 /* LaunchScreen.storyboard */ = {
			isa = PBXVariantGroup;
			children = (
				A7ECCA1C2DBF5388001A29D5 /* Base */,
			);
			name = LaunchScreen.storyboard;
			sourceTree = "<group>";
		};
/* End PBXVariantGroup section */

/* Begin XCBuildConfiguration section */
		A7ECCA1F2DBF5388001A29D5 /* Debug */ = {
			isa = XCBuildConfiguration;
			buildSettings = {
				ALWAYS_SEARCH_USER_PATHS = NO;
				ASSETCATALOG_COMPILER_GENERATE_SWIFT_ASSET_SYMBOL_EXTENSIONS = YES;
				CLANG_ANALYZER_NONNULL = YES;
				CLANG_ANALYZER_NUMBER_OBJECT_CONVERSION = YES_AGGRESSIVE;
				CLANG_CXX_LANGUAGE_STANDARD = "gnu++20";
				CLANG_ENABLE_MODULES = YES;
				CLANG_ENABLE_OBJC_ARC = YES;
				CLANG_ENABLE_OBJC_WEAK = YES;
				CLANG_WARN_BLOCK_CAPTURE_AUTORELEASING = YES;
				CLANG_WARN_BOOL_CONVERSION = YES;
				CLANG_WARN_COMMA = YES;
				CLANG_WARN_CONSTANT_CONVERSION = YES;
				CLANG_WARN_DEPRECATED_OBJC_IMPLEMENTATIONS = YES;
				CLANG_WARN_DIRECT_OBJC_ISA_USAGE = YES_ERROR;
				CLANG_WARN_DOCUMENTATION_COMMENTS = YES;
				CLANG_WARN_EMPTY_BODY = YES;
				CLANG_WARN_ENUM_CONVERSION = YES;
				CLANG_WARN_INFINITE_RECURSION = YES;
				CLANG_WARN_INT_CONVERSION = YES;
				CLANG_WARN_NON_LITERAL_NULL_CONVERSION = YES;
				CLANG_WARN_OBJC_IMPLICIT_RETAIN_SELF = YES;
				CLANG_WARN_OBJC_LITERAL_CONVERSION = YES;
				CLANG_WARN_OBJC_ROOT_CLASS = YES_ERROR;
				CLANG_WARN_QUOTED_INCLUDE_IN_FRAMEWORK_HEADER = YES;
				CLANG_WARN_RANGE_LOOP_ANALYSIS = YES;
				CLANG_WARN_STRICT_PROTOTYPES = YES;
				CLANG_WARN_SUSPICIOUS_MOVE = YES;
				CLANG_WARN_UNGUARDED_AVAILABILITY = YES_AGGRESSIVE;
				CLANG_WARN_UNREACHABLE_CODE = YES;
				CLANG_WARN__DUPLICATE_METHOD_MATCH = YES;
				COPY_PHASE_STRIP = NO;
				DEBUG_INFORMATION_FORMAT = dwarf;
				ENABLE_STRICT_OBJC_MSGSEND = YES;
				ENABLE_TESTABILITY = YES;
				ENABLE_USER_SCRIPT_SANDBOXING = YES;
				GCC_C_LANGUAGE_STANDARD = gnu17;
				GCC_DYNAMIC_NO_PIC = NO;
				GCC_NO_COMMON_BLOCKS = YES;
				GCC_OPTIMIZATION_LEVEL = 0;
				GCC_PREPROCESSOR_DEFINITIONS = (
					"DEBUG=1",
					"$(inherited)",
				);
				GCC_WARN_64_TO_32_BIT_CONVERSION = YES;
				GCC_WARN_ABOUT_RETURN_TYPE = YES_ERROR;
				GCC_WARN_UNDECLARED_SELECTOR = YES;
				GCC_WARN_UNINITIALIZED_AUTOS = YES_AGGRESSIVE;
				GCC_WARN_UNUSED_FUNCTION = YES;
				GCC_WARN_UNUSED_VARIABLE = YES;
				IPHONEOS_DEPLOYMENT_TARGET = 17.2;
				LOCALIZATION_PREFERS_STRING_CATALOGS = YES;
				MTL_ENABLE_DEBUG_INFO = INCLUDE_SOURCE;
				MTL_FAST_MATH = YES;
				ONLY_ACTIVE_ARCH = YES;
				SDKROOT = iphoneos;
				SWIFT_ACTIVE_COMPILATION_CONDITIONS = "DEBUG $(inherited)";
				SWIFT_OPTIMIZATION_LEVEL = "-Onone";
			};
			name = Debug;
		};
		A7ECCA202DBF5388001A29D5 /* Release */ = {
			isa = XCBuildConfiguration;
			buildSettings = {
				ALWAYS_SEARCH_USER_PATHS = NO;
				ASSETCATALOG_COMPILER_GENERATE_SWIFT_ASSET_SYMBOL_EXTENSIONS = YES;
				CLANG_ANALYZER_NONNULL = YES;
				CLANG_ANALYZER_NUMBER_OBJECT_CONVERSION = YES_AGGRESSIVE;
				CLANG_CXX_LANGUAGE_STANDARD = "gnu++20";
				CLANG_ENABLE_MODULES = YES;
				CLANG_ENABLE_OBJC_ARC = YES;
				CLANG_ENABLE_OBJC_WEAK = YES;
				CLANG_WARN_BLOCK_CAPTURE_AUTORELEASING = YES;
				CLANG_WARN_BOOL_CONVERSION = YES;
				CLANG_WARN_COMMA = YES;
				CLANG_WARN_CONSTANT_CONVERSION = YES;
				CLANG_WARN_DEPRECATED_OBJC_IMPLEMENTATIONS = YES;
				CLANG_WARN_DIRECT_OBJC_ISA_USAGE = YES_ERROR;
				CLANG_WARN_DOCUMENTATION_COMMENTS = YES;
				CLANG_WARN_EMPTY_BODY = YES;
				CLANG_WARN_ENUM_CONVERSION = YES;
				CLANG_WARN_INFINITE_RECURSION = YES;
				CLANG_WARN_INT_CONVERSION = YES;
				CLANG_WARN_NON_LITERAL_NULL_CONVERSION = YES;
				CLANG_WARN_OBJC_IMPLICIT_RETAIN_SELF = YES;
				CLANG_WARN_OBJC_LITERAL_CONVERSION = YES;
				CLANG_WARN_OBJC_ROOT_CLASS = YES_ERROR;
				CLANG_WARN_QUOTED_INCLUDE_IN_FRAMEWORK_HEADER = YES;
				CLANG_WARN_RANGE_LOOP_ANALYSIS = YES;
				CLANG_WARN_STRICT_PROTOTYPES = YES;
				CLANG_WARN_SUSPICIOUS_MOVE = YES;
				CLANG_WARN_UNGUARDED_AVAILABILITY = YES_AGGRESSIVE;
				CLANG_WARN_UNREACHABLE_CODE = YES;
				CLANG_WARN__DUPLICATE_METHOD_MATCH = YES;
				COPY_PHASE_STRIP = NO;
				DEBUG_INFORMATION_FORMAT = "dwarf-with-dsym";
				ENABLE_NS_ASSERTIONS = NO;
				ENABLE_STRICT_OBJC_MSGSEND = YES;
				ENABLE_USER_SCRIPT_SANDBOXING = YES;
				GCC_C_LANGUAGE_STANDARD = gnu17;
				GCC_NO_COMMON_BLOCKS = YES;
				GCC_WARN_64_TO_32_BIT_CONVERSION = YES;
				GCC_WARN_ABOUT_RETURN_TYPE = YES_ERROR;
				GCC_WARN_UNDECLARED_SELECTOR = YES;
				GCC_WARN_UNINITIALIZED_AUTOS = YES_AGGRESSIVE;
				GCC_WARN_UNUSED_FUNCTION = YES;
				GCC_WARN_UNUSED_VARIABLE = YES;
				IPHONEOS_DEPLOYMENT_TARGET = 17.2;
				LOCALIZATION_PREFERS_STRING_CATALOGS = YES;
				MTL_ENABLE_DEBUG_INFO = NO;
				MTL_FAST_MATH = YES;
				SDKROOT = iphoneos;
				SWIFT_COMPILATION_MODE = wholemodule;
				VALIDATE_PRODUCT = YES;
			};
			name = Release;
		};
		A7ECCA222DBF5388001A29D5 /* Debug */ = {
			isa = XCBuildConfiguration;
			baseConfigurationReference = 8F98BF3A37D8A73179D80F0C /* Pods-NewsApps.debug.xcconfig */;
			buildSettings = {
				ASSETCATALOG_COMPILER_APPICON_NAME = AppIcon;
				ASSETCATALOG_COMPILER_GLOBAL_ACCENT_COLOR_NAME = AccentColor;
				CODE_SIGN_STYLE = Automatic;
				CURRENT_PROJECT_VERSION = 1;
				DEVELOPMENT_TEAM = M843HJCGXQ;
				ENABLE_USER_SCRIPT_SANDBOXING = NO;
				GENERATE_INFOPLIST_FILE = YES;
				INFOPLIST_FILE = NewsApps/Resources/Info.plist;
				INFOPLIST_KEY_UIApplicationSupportsIndirectInputEvents = YES;
				INFOPLIST_KEY_UILaunchStoryboardName = LaunchScreen;
				INFOPLIST_KEY_UIMainStoryboardFile = Main;
				INFOPLIST_KEY_UISupportedInterfaceOrientations_iPad = "UIInterfaceOrientationPortrait UIInterfaceOrientationPortraitUpsideDown UIInterfaceOrientationLandscapeLeft UIInterfaceOrientationLandscapeRight";
				INFOPLIST_KEY_UISupportedInterfaceOrientations_iPhone = "UIInterfaceOrientationPortrait UIInterfaceOrientationLandscapeLeft UIInterfaceOrientationLandscapeRight";
				LD_RUNPATH_SEARCH_PATHS = (
					"$(inherited)",
					"@executable_path/Frameworks",
				);
				MARKETING_VERSION = 1.0;
				PRODUCT_BUNDLE_IDENTIFIER = com.faza.NewsApps;
				PRODUCT_NAME = "$(TARGET_NAME)";
				SWIFT_EMIT_LOC_STRINGS = YES;
				SWIFT_VERSION = 5.0;
				TARGETED_DEVICE_FAMILY = "1,2";
			};
			name = Debug;
		};
		A7ECCA232DBF5388001A29D5 /* Release */ = {
			isa = XCBuildConfiguration;
			baseConfigurationReference = DA1937EFC6401FEDCD4E1701 /* Pods-NewsApps.release.xcconfig */;
			buildSettings = {
				ASSETCATALOG_COMPILER_APPICON_NAME = AppIcon;
				ASSETCATALOG_COMPILER_GLOBAL_ACCENT_COLOR_NAME = AccentColor;
				CODE_SIGN_STYLE = Automatic;
				CURRENT_PROJECT_VERSION = 1;
				DEVELOPMENT_TEAM = M843HJCGXQ;
				ENABLE_USER_SCRIPT_SANDBOXING = NO;
				GENERATE_INFOPLIST_FILE = YES;
				INFOPLIST_FILE = NewsApps/Resources/Info.plist;
				INFOPLIST_KEY_UIApplicationSupportsIndirectInputEvents = YES;
				INFOPLIST_KEY_UILaunchStoryboardName = LaunchScreen;
				INFOPLIST_KEY_UIMainStoryboardFile = Main;
				INFOPLIST_KEY_UISupportedInterfaceOrientations_iPad = "UIInterfaceOrientationPortrait UIInterfaceOrientationPortraitUpsideDown UIInterfaceOrientationLandscapeLeft UIInterfaceOrientationLandscapeRight";
				INFOPLIST_KEY_UISupportedInterfaceOrientations_iPhone = "UIInterfaceOrientationPortrait UIInterfaceOrientationLandscapeLeft UIInterfaceOrientationLandscapeRight";
				LD_RUNPATH_SEARCH_PATHS = (
					"$(inherited)",
					"@executable_path/Frameworks",
				);
				MARKETING_VERSION = 1.0;
				PRODUCT_BUNDLE_IDENTIFIER = com.faza.NewsApps;
				PRODUCT_NAME = "$(TARGET_NAME)";
				SWIFT_EMIT_LOC_STRINGS = YES;
				SWIFT_VERSION = 5.0;
				TARGETED_DEVICE_FAMILY = "1,2";
			};
			name = Release;
		};
/* End XCBuildConfiguration section */

/* Begin XCConfigurationList section */
		A7ECCA052DBF5386001A29D5 /* Build configuration list for PBXProject "NewsApps" */ = {
			isa = XCConfigurationList;
			buildConfigurations = (
				A7ECCA1F2DBF5388001A29D5 /* Debug */,
				A7ECCA202DBF5388001A29D5 /* Release */,
			);
			defaultConfigurationIsVisible = 0;
			defaultConfigurationName = Release;
		};
		A7ECCA212DBF5388001A29D5 /* Build configuration list for PBXNativeTarget "NewsApps" */ = {
			isa = XCConfigurationList;
			buildConfigurations = (
				A7ECCA222DBF5388001A29D5 /* Debug */,
				A7ECCA232DBF5388001A29D5 /* Release */,
			);
			defaultConfigurationIsVisible = 0;
			defaultConfigurationName = Release;
		};
/* End XCConfigurationList section */

/* Begin XCVersionGroup section */
		A7ECCA162DBF5386001A29D5 /* NewsApps.xcdatamodeld */ = {
			isa = XCVersionGroup;
			children = (
				A7ECCA172DBF5386001A29D5 /* NewsApps.xcdatamodel */,
			);
			currentVersion = A7ECCA172DBF5386001A29D5 /* NewsApps.xcdatamodel */;
			path = NewsApps.xcdatamodeld;
			sourceTree = "<group>";
			versionGroupType = wrapper.xcdatamodel;
		};
/* End XCVersionGroup section */
	};
	rootObject = A7ECCA022DBF5386001A29D5 /* Project object */;
}
